
Microsoft Visual Studio Solution File, Format Version 12.00
# Visual Studio Version 17
VisualStudioVersion = 17.6.33723.286
MinimumVisualStudioVersion = 10.0.40219.1
Project("{FAE04EC0-301F-11D3-BF4B-00C04F79EFBC}") = "Dominio", "Dominio.csproj", "{24B0FC2C-EAC5-4728-BE9D-A7114E04E1B3}"
EndProject
Global
	GlobalSection(SolutionConfigurationPlatforms) = preSolution
		Debug|Any CPU = Debug|Any CPU
		Release|Any CPU = Release|Any CPU
	EndGlobalSection
	GlobalSection(ProjectConfigurationPlatforms) = postSolution
		{24B0FC2C-EAC5-4728-BE9D-A7114E04E1B3}.Debug|Any CPU.ActiveCfg = Debug|Any CPU
		{24B0FC2C-EAC5-4728-BE9D-A7114E04E1B3}.Debug|Any CPU.Build.0 = Debug|Any CPU
		{24B0FC2C-EAC5-4728-BE9D-A7114E04E1B3}.Release|Any CPU.ActiveCfg = Release|Any CPU
		{24B0FC2C-EAC5-4728-BE9D-A7114E04E1B3}.Release|Any CPU.Build.0 = Release|Any CPU
	EndGlobalSection
	GlobalSection(SolutionProperties) = preSolution
		HideSolutionNode = FALSE
	EndGlobalSection
	GlobalSection(ExtensibilityGlobals) = postSolution
		SolutionGuid = {AA606E71-4A5E-4AF2-8A18-ADF7D193508F}
	EndGlobalSection
EndGlobal
